
Microsoft Visual Studio Solution File, Format Version 12.00
Project("{FAE04EC0-301F-11D3-BF4B-00C04F79EFBC}") = "FlightMicroservices.WebApi", "FlightMicroservices.WebApi\FlightMicroservices.WebApi.csproj", "{F19D2D5E-57E1-423C-95CB-1BB01E235DF1}"
EndProject
Global
	GlobalSection(SolutionConfigurationPlatforms) = preSolution
		Debug|Any CPU = Debug|Any CPU
		Release|Any CPU = Release|Any CPU
	EndGlobalSection
	GlobalSection(ProjectConfigurationPlatforms) = postSolution
		{F19D2D5E-57E1-423C-95CB-1BB01E235DF1}.Debug|Any CPU.ActiveCfg = Debug|Any CPU
		{F19D2D5E-57E1-423C-95CB-1BB01E235DF1}.Debug|Any CPU.Build.0 = Debug|Any CPU
		{F19D2D5E-57E1-423C-95CB-1BB01E235DF1}.Release|Any CPU.ActiveCfg = Release|Any CPU
		{F19D2D5E-57E1-423C-95CB-1BB01E235DF1}.Release|Any CPU.Build.0 = Release|Any CPU
	EndGlobalSection
EndGlobal
